
Microsoft Visual Studio Solution File, Format Version 12.00
# Visual Studio Version 17
VisualStudioVersion = 17.3.32929.385
MinimumVisualStudioVersion = 10.0.40219.1
Project("{9A19103F-16F7-4668-BE54-9A1E7A4F7556}") = "Core", "Core\Core.csproj", "{F5BBD352-2E0E-4EE9-B5C8-51A05655567B}"
EndProject
Project("{9A19103F-16F7-4668-BE54-9A1E7A4F7556}") = "UnitTests", "UnitTests\UnitTests.csproj", "{94F8BA00-AAA9-43E3-B308-100AF00C8CB9}"
EndProject
Project("{2150E333-8FDC-42A3-9474-1A3956D46DE8}") = "Solution Items", "Solution Items", "{44CA48EA-4732-4FC7-8F7A-6FBD7EB8CF3B}"
	ProjectSection(SolutionItems) = preProject
		..\build.bat = ..\build.bat
		..\build.ps1 = ..\build.ps1
		..\BuildFunctions.ps1 = ..\BuildFunctions.ps1
		..\click_to_build.bat = ..\click_to_build.bat
		..\PrivateBuild.ps1 = ..\PrivateBuild.ps1
		..\README.md = ..\README.md
	EndProjectSection
EndProject
Project("{FAE04EC0-301F-11D3-BF4B-00C04F79EFBC}") = "IntegrationTests", "IntegrationTests\IntegrationTests.csproj", "{91FE57E0-8F11-42FC-852B-FE4B626791C1}"
EndProject
Project("{FAE04EC0-301F-11D3-BF4B-00C04F79EFBC}") = "Database", "Database\Database.csproj", "{F4407763-ECC9-47C6-AED4-DFA2ED5FA703}"
EndProject
Project("{FAE04EC0-301F-11D3-BF4B-00C04F79EFBC}") = "DataAccess", "DataAccess\DataAccess.csproj", "{B8FFF5DE-E051-4558-A764-8D026F46F83E}"
EndProject
Global
	GlobalSection(SolutionConfigurationPlatforms) = preSolution
		Debug|Any CPU = Debug|Any CPU
		Release|Any CPU = Release|Any CPU
	EndGlobalSection
	GlobalSection(ProjectConfigurationPlatforms) = postSolution
		{F5BBD352-2E0E-4EE9-B5C8-51A05655567B}.Debug|Any CPU.ActiveCfg = Debug|Any CPU
		{F5BBD352-2E0E-4EE9-B5C8-51A05655567B}.Debug|Any CPU.Build.0 = Debug|Any CPU
		{F5BBD352-2E0E-4EE9-B5C8-51A05655567B}.Release|Any CPU.ActiveCfg = Release|Any CPU
		{F5BBD352-2E0E-4EE9-B5C8-51A05655567B}.Release|Any CPU.Build.0 = Release|Any CPU
		{94F8BA00-AAA9-43E3-B308-100AF00C8CB9}.Debug|Any CPU.ActiveCfg = Debug|Any CPU
		{94F8BA00-AAA9-43E3-B308-100AF00C8CB9}.Debug|Any CPU.Build.0 = Debug|Any CPU
		{94F8BA00-AAA9-43E3-B308-100AF00C8CB9}.Release|Any CPU.ActiveCfg = Release|Any CPU
		{94F8BA00-AAA9-43E3-B308-100AF00C8CB9}.Release|Any CPU.Build.0 = Release|Any CPU
		{91FE57E0-8F11-42FC-852B-FE4B626791C1}.Debug|Any CPU.ActiveCfg = Debug|Any CPU
		{91FE57E0-8F11-42FC-852B-FE4B626791C1}.Debug|Any CPU.Build.0 = Debug|Any CPU
		{91FE57E0-8F11-42FC-852B-FE4B626791C1}.Release|Any CPU.ActiveCfg = Release|Any CPU
		{91FE57E0-8F11-42FC-852B-FE4B626791C1}.Release|Any CPU.Build.0 = Release|Any CPU
		{F4407763-ECC9-47C6-AED4-DFA2ED5FA703}.Debug|Any CPU.ActiveCfg = Debug|Any CPU
		{F4407763-ECC9-47C6-AED4-DFA2ED5FA703}.Debug|Any CPU.Build.0 = Debug|Any CPU
		{F4407763-ECC9-47C6-AED4-DFA2ED5FA703}.Release|Any CPU.ActiveCfg = Release|Any CPU
		{F4407763-ECC9-47C6-AED4-DFA2ED5FA703}.Release|Any CPU.Build.0 = Release|Any CPU
		{B8FFF5DE-E051-4558-A764-8D026F46F83E}.Debug|Any CPU.ActiveCfg = Debug|Any CPU
		{B8FFF5DE-E051-4558-A764-8D026F46F83E}.Debug|Any CPU.Build.0 = Debug|Any CPU
		{B8FFF5DE-E051-4558-A764-8D026F46F83E}.Release|Any CPU.ActiveCfg = Release|Any CPU
		{B8FFF5DE-E051-4558-A764-8D026F46F83E}.Release|Any CPU.Build.0 = Release|Any CPU
	EndGlobalSection
	GlobalSection(SolutionProperties) = preSolution
		HideSolutionNode = FALSE
	EndGlobalSection
	GlobalSection(ExtensibilityGlobals) = postSolution
		SolutionGuid = {FB0C52EF-9E49-4A7D-91C6-CA76A227BBE7}
	EndGlobalSection
EndGlobal
