
Microsoft Visual Studio Solution File, Format Version 12.00
# Visual Studio Version 17
VisualStudioVersion = 17.3.32929.385
MinimumVisualStudioVersion = 10.0.40219.1
Project("{FAE04EC0-301F-11D3-BF4B-00C04F79EFBC}") = "Core", "Core\Core.csproj", "{F5BBD352-2E0E-4EE9-B5C8-51A05655567B}"
EndProject
Project("{FAE04EC0-301F-11D3-BF4B-00C04F79EFBC}") = "UnitTests", "UnitTests\UnitTests.csproj", "{94F8BA00-AAA9-43E3-B308-100AF00C8CB9}"
EndProject
Global
	GlobalSection(SolutionConfigurationPlatforms) = preSolution
		Debug|Any CPU = Debug|Any CPU
		Release|Any CPU = Release|Any CPU
	EndGlobalSection
	GlobalSection(ProjectConfigurationPlatforms) = postSolution
		{F5BBD352-2E0E-4EE9-B5C8-51A05655567B}.Debug|Any CPU.ActiveCfg = Debug|Any CPU
		{F5BBD352-2E0E-4EE9-B5C8-51A05655567B}.Debug|Any CPU.Build.0 = Debug|Any CPU
		{F5BBD352-2E0E-4EE9-B5C8-51A05655567B}.Release|Any CPU.ActiveCfg = Release|Any CPU
		{F5BBD352-2E0E-4EE9-B5C8-51A05655567B}.Release|Any CPU.Build.0 = Release|Any CPU
		{94F8BA00-AAA9-43E3-B308-100AF00C8CB9}.Debug|Any CPU.ActiveCfg = Debug|Any CPU
		{94F8BA00-AAA9-43E3-B308-100AF00C8CB9}.Debug|Any CPU.Build.0 = Debug|Any CPU
		{94F8BA00-AAA9-43E3-B308-100AF00C8CB9}.Release|Any CPU.ActiveCfg = Release|Any CPU
		{94F8BA00-AAA9-43E3-B308-100AF00C8CB9}.Release|Any CPU.Build.0 = Release|Any CPU
	EndGlobalSection
	GlobalSection(SolutionProperties) = preSolution
		HideSolutionNode = FALSE
	EndGlobalSection
	GlobalSection(ExtensibilityGlobals) = postSolution
		SolutionGuid = {FB0C52EF-9E49-4A7D-91C6-CA76A227BBE7}
	EndGlobalSection
EndGlobal
